
Microsoft Visual Studio Solution File, Format Version 12.00
# Visual Studio Version 17
VisualStudioVersion = 17.5.002.0
MinimumVisualStudioVersion = 10.0.40219.1
Project("{2150E333-8FDC-42A3-9474-1A3956D46DE8}") = "csharp-prep", "csharp-prep", "{5537B15D-78B0-46E7-AD6A-0977D2B4FE13}"
EndProject
Project("{9A19103F-16F7-4668-BE54-9A1E7A4F7556}") = "Prep1", "csharp-prep\Prep1\Prep1.csproj", "{6B6CC630-9DD2-447E-9701-B0482F9A2744}"
EndProject
Project("{9A19103F-16F7-4668-BE54-9A1E7A4F7556}") = "Prep2", "csharp-prep\Prep2\Prep2.csproj", "{4587CB8C-D20E-4ABE-BF7A-DC3A1269637B}"
EndProject
Project("{9A19103F-16F7-4668-BE54-9A1E7A4F7556}") = "Prep3", "csharp-prep\Prep3\Prep3.csproj", "{70610B4C-D472-498E-A4D4-4BA575F29318}"
EndProject
Project("{9A19103F-16F7-4668-BE54-9A1E7A4F7556}") = "Prep4", "csharp-prep\Prep4\Prep4.csproj", "{D92D0B30-B44C-4C1A-AAAA-C8711BA5E936}"
EndProject
Project("{9A19103F-16F7-4668-BE54-9A1E7A4F7556}") = "Prep5", "csharp-prep\Prep5\Prep5.csproj", "{2FCCD906-390E-40F1-A05F-2B40368D29F8}"
EndProject
Project("{2150E333-8FDC-42A3-9474-1A3956D46DE8}") = "final", "final", "{4F2DE6A6-17D4-4D3C-838D-74D51B1F8368}"
EndProject
Project("{9A19103F-16F7-4668-BE54-9A1E7A4F7556}") = "FinalProject", "final\FinalProject\FinalProject.csproj", "{04378C0A-03E7-453B-B71A-F87DA17DBAF1}"
EndProject
Project("{9A19103F-16F7-4668-BE54-9A1E7A4F7556}") = "Foundation1", "final\Foundation1\Foundation1.csproj", "{F189F483-E5A1-41B3-B1B5-F961B42FB200}"
EndProject
Project("{9A19103F-16F7-4668-BE54-9A1E7A4F7556}") = "Foundation2", "final\Foundation2\Foundation2.csproj", "{EE96ABB4-7B1E-4D63-A9E7-3EDB7DC43A85}"
EndProject
Project("{9A19103F-16F7-4668-BE54-9A1E7A4F7556}") = "Foundation3", "final\Foundation3\Foundation3.csproj", "{032671AA-D7AD-4B38-B03D-A06D2BBF7096}"
EndProject
Project("{9A19103F-16F7-4668-BE54-9A1E7A4F7556}") = "Foundation4", "final\Foundation4\Foundation4.csproj", "{F1E5D58F-749B-4E89-8E79-D7FD51BF6011}"
EndProject
Project("{2150E333-8FDC-42A3-9474-1A3956D46DE8}") = "prepare", "prepare", "{527C571D-7B41-41B6-ACEF-08624F8DBCB6}"
EndProject
Project("{9A19103F-16F7-4668-BE54-9A1E7A4F7556}") = "Learning02", "prepare\Learning02\Learning02.csproj", "{172FB4FA-EA74-4B05-8375-9B7BA8B44DDC}"
EndProject
Project("{9A19103F-16F7-4668-BE54-9A1E7A4F7556}") = "Learning03", "prepare\Learning03\Learning03.csproj", "{4DAA6BF4-E039-4036-BA53-382AF7CDCDB6}"
EndProject
Project("{9A19103F-16F7-4668-BE54-9A1E7A4F7556}") = "Learning04", "prepare\Learning04\Learning04.csproj", "{EF453F68-91F3-4B5F-BD5A-1ECC7FBDA84A}"
EndProject
Project("{9A19103F-16F7-4668-BE54-9A1E7A4F7556}") = "Learning05", "prepare\Learning05\Learning05.csproj", "{0B3BC4CB-4A83-48B5-A9A3-32466E9FD270}"
EndProject
Project("{2150E333-8FDC-42A3-9474-1A3956D46DE8}") = "prove", "prove", "{0AB31A97-F194-44D5-9127-C00931A9A897}"
EndProject
Project("{9A19103F-16F7-4668-BE54-9A1E7A4F7556}") = "Develop02", "prove\Develop02\Develop02.csproj", "{AA99B74B-BC30-4DF3-8B8F-DC909E4DDCCD}"
EndProject
Project("{9A19103F-16F7-4668-BE54-9A1E7A4F7556}") = "Develop03", "prove\Develop03\Develop03.csproj", "{351E1B09-C4DE-4B09-B9C8-66F36B8F4D5C}"
EndProject
Project("{9A19103F-16F7-4668-BE54-9A1E7A4F7556}") = "Develop04", "prove\Develop04\Develop04.csproj", "{98397F6C-AD7F-425C-A8ED-F12BB51FE857}"
EndProject
Project("{9A19103F-16F7-4668-BE54-9A1E7A4F7556}") = "Develop05", "prove\Develop05\Develop05.csproj", "{03655603-34F8-496F-A7FB-E1E72B1647F1}"
EndProject
Project("{2150E333-8FDC-42A3-9474-1A3956D46DE8}") = "sandbox", "sandbox", "{CED9524F-271A-4B2A-B366-A1EAA168246A}"
EndProject
Project("{9A19103F-16F7-4668-BE54-9A1E7A4F7556}") = "Sandbox", "sandbox\Sandbox\Sandbox.csproj", "{6E087E31-1CB3-4E90-ACE1-FFE947355DD6}"
EndProject
Global
	GlobalSection(SolutionConfigurationPlatforms) = preSolution
		Debug|Any CPU = Debug|Any CPU
		Release|Any CPU = Release|Any CPU
	EndGlobalSection
	GlobalSection(ProjectConfigurationPlatforms) = postSolution
		{6B6CC630-9DD2-447E-9701-B0482F9A2744}.Debug|Any CPU.ActiveCfg = Debug|Any CPU
		{6B6CC630-9DD2-447E-9701-B0482F9A2744}.Debug|Any CPU.Build.0 = Debug|Any CPU
		{6B6CC630-9DD2-447E-9701-B0482F9A2744}.Release|Any CPU.ActiveCfg = Release|Any CPU
		{6B6CC630-9DD2-447E-9701-B0482F9A2744}.Release|Any CPU.Build.0 = Release|Any CPU
		{4587CB8C-D20E-4ABE-BF7A-DC3A1269637B}.Debug|Any CPU.ActiveCfg = Debug|Any CPU
		{4587CB8C-D20E-4ABE-BF7A-DC3A1269637B}.Debug|Any CPU.Build.0 = Debug|Any CPU
		{4587CB8C-D20E-4ABE-BF7A-DC3A1269637B}.Release|Any CPU.ActiveCfg = Release|Any CPU
		{4587CB8C-D20E-4ABE-BF7A-DC3A1269637B}.Release|Any CPU.Build.0 = Release|Any CPU
		{70610B4C-D472-498E-A4D4-4BA575F29318}.Debug|Any CPU.ActiveCfg = Debug|Any CPU
		{70610B4C-D472-498E-A4D4-4BA575F29318}.Debug|Any CPU.Build.0 = Debug|Any CPU
		{70610B4C-D472-498E-A4D4-4BA575F29318}.Release|Any CPU.ActiveCfg = Release|Any CPU
		{70610B4C-D472-498E-A4D4-4BA575F29318}.Release|Any CPU.Build.0 = Release|Any CPU
		{D92D0B30-B44C-4C1A-AAAA-C8711BA5E936}.Debug|Any CPU.ActiveCfg = Debug|Any CPU
		{D92D0B30-B44C-4C1A-AAAA-C8711BA5E936}.Debug|Any CPU.Build.0 = Debug|Any CPU
		{D92D0B30-B44C-4C1A-AAAA-C8711BA5E936}.Release|Any CPU.ActiveCfg = Release|Any CPU
		{D92D0B30-B44C-4C1A-AAAA-C8711BA5E936}.Release|Any CPU.Build.0 = Release|Any CPU
		{2FCCD906-390E-40F1-A05F-2B40368D29F8}.Debug|Any CPU.ActiveCfg = Debug|Any CPU
		{2FCCD906-390E-40F1-A05F-2B40368D29F8}.Debug|Any CPU.Build.0 = Debug|Any CPU
		{2FCCD906-390E-40F1-A05F-2B40368D29F8}.Release|Any CPU.ActiveCfg = Release|Any CPU
		{2FCCD906-390E-40F1-A05F-2B40368D29F8}.Release|Any CPU.Build.0 = Release|Any CPU
		{04378C0A-03E7-453B-B71A-F87DA17DBAF1}.Debug|Any CPU.ActiveCfg = Debug|Any CPU
		{04378C0A-03E7-453B-B71A-F87DA17DBAF1}.Debug|Any CPU.Build.0 = Debug|Any CPU
		{04378C0A-03E7-453B-B71A-F87DA17DBAF1}.Release|Any CPU.ActiveCfg = Release|Any CPU
		{04378C0A-03E7-453B-B71A-F87DA17DBAF1}.Release|Any CPU.Build.0 = Release|Any CPU
		{F189F483-E5A1-41B3-B1B5-F961B42FB200}.Debug|Any CPU.ActiveCfg = Debug|Any CPU
		{F189F483-E5A1-41B3-B1B5-F961B42FB200}.Debug|Any CPU.Build.0 = Debug|Any CPU
		{F189F483-E5A1-41B3-B1B5-F961B42FB200}.Release|Any CPU.ActiveCfg = Release|Any CPU
		{F189F483-E5A1-41B3-B1B5-F961B42FB200}.Release|Any CPU.Build.0 = Release|Any CPU
		{EE96ABB4-7B1E-4D63-A9E7-3EDB7DC43A85}.Debug|Any CPU.ActiveCfg = Debug|Any CPU
		{EE96ABB4-7B1E-4D63-A9E7-3EDB7DC43A85}.Debug|Any CPU.Build.0 = Debug|Any CPU
		{EE96ABB4-7B1E-4D63-A9E7-3EDB7DC43A85}.Release|Any CPU.ActiveCfg = Release|Any CPU
		{EE96ABB4-7B1E-4D63-A9E7-3EDB7DC43A85}.Release|Any CPU.Build.0 = Release|Any CPU
		{032671AA-D7AD-4B38-B03D-A06D2BBF7096}.Debug|Any CPU.ActiveCfg = Debug|Any CPU
		{032671AA-D7AD-4B38-B03D-A06D2BBF7096}.Debug|Any CPU.Build.0 = Debug|Any CPU
		{032671AA-D7AD-4B38-B03D-A06D2BBF7096}.Release|Any CPU.ActiveCfg = Release|Any CPU
		{032671AA-D7AD-4B38-B03D-A06D2BBF7096}.Release|Any CPU.Build.0 = Release|Any CPU
		{F1E5D58F-749B-4E89-8E79-D7FD51BF6011}.Debug|Any CPU.ActiveCfg = Debug|Any CPU
		{F1E5D58F-749B-4E89-8E79-D7FD51BF6011}.Debug|Any CPU.Build.0 = Debug|Any CPU
		{F1E5D58F-749B-4E89-8E79-D7FD51BF6011}.Release|Any CPU.ActiveCfg = Release|Any CPU
		{F1E5D58F-749B-4E89-8E79-D7FD51BF6011}.Release|Any CPU.Build.0 = Release|Any CPU
		{172FB4FA-EA74-4B05-8375-9B7BA8B44DDC}.Debug|Any CPU.ActiveCfg = Debug|Any CPU
		{172FB4FA-EA74-4B05-8375-9B7BA8B44DDC}.Debug|Any CPU.Build.0 = Debug|Any CPU
		{172FB4FA-EA74-4B05-8375-9B7BA8B44DDC}.Release|Any CPU.ActiveCfg = Release|Any CPU
		{172FB4FA-EA74-4B05-8375-9B7BA8B44DDC}.Release|Any CPU.Build.0 = Release|Any CPU
		{4DAA6BF4-E039-4036-BA53-382AF7CDCDB6}.Debug|Any CPU.ActiveCfg = Debug|Any CPU
		{4DAA6BF4-E039-4036-BA53-382AF7CDCDB6}.Debug|Any CPU.Build.0 = Debug|Any CPU
		{4DAA6BF4-E039-4036-BA53-382AF7CDCDB6}.Release|Any CPU.ActiveCfg = Release|Any CPU
		{4DAA6BF4-E039-4036-BA53-382AF7CDCDB6}.Release|Any CPU.Build.0 = Release|Any CPU
		{EF453F68-91F3-4B5F-BD5A-1ECC7FBDA84A}.Debug|Any CPU.ActiveCfg = Debug|Any CPU
		{EF453F68-91F3-4B5F-BD5A-1ECC7FBDA84A}.Debug|Any CPU.Build.0 = Debug|Any CPU
		{EF453F68-91F3-4B5F-BD5A-1ECC7FBDA84A}.Release|Any CPU.ActiveCfg = Release|Any CPU
		{EF453F68-91F3-4B5F-BD5A-1ECC7FBDA84A}.Release|Any CPU.Build.0 = Release|Any CPU
		{0B3BC4CB-4A83-48B5-A9A3-32466E9FD270}.Debug|Any CPU.ActiveCfg = Debug|Any CPU
		{0B3BC4CB-4A83-48B5-A9A3-32466E9FD270}.Debug|Any CPU.Build.0 = Debug|Any CPU
		{0B3BC4CB-4A83-48B5-A9A3-32466E9FD270}.Release|Any CPU.ActiveCfg = Release|Any CPU
		{0B3BC4CB-4A83-48B5-A9A3-32466E9FD270}.Release|Any CPU.Build.0 = Release|Any CPU
		{AA99B74B-BC30-4DF3-8B8F-DC909E4DDCCD}.Debug|Any CPU.ActiveCfg = Debug|Any CPU
		{AA99B74B-BC30-4DF3-8B8F-DC909E4DDCCD}.Debug|Any CPU.Build.0 = Debug|Any CPU
		{AA99B74B-BC30-4DF3-8B8F-DC909E4DDCCD}.Release|Any CPU.ActiveCfg = Release|Any CPU
		{AA99B74B-BC30-4DF3-8B8F-DC909E4DDCCD}.Release|Any CPU.Build.0 = Release|Any CPU
		{351E1B09-C4DE-4B09-B9C8-66F36B8F4D5C}.Debug|Any CPU.ActiveCfg = Debug|Any CPU
		{351E1B09-C4DE-4B09-B9C8-66F36B8F4D5C}.Debug|Any CPU.Build.0 = Debug|Any CPU
		{351E1B09-C4DE-4B09-B9C8-66F36B8F4D5C}.Release|Any CPU.ActiveCfg = Release|Any CPU
		{351E1B09-C4DE-4B09-B9C8-66F36B8F4D5C}.Release|Any CPU.Build.0 = Release|Any CPU
		{98397F6C-AD7F-425C-A8ED-F12BB51FE857}.Debug|Any CPU.ActiveCfg = Debug|Any CPU
		{98397F6C-AD7F-425C-A8ED-F12BB51FE857}.Debug|Any CPU.Build.0 = Debug|Any CPU
		{98397F6C-AD7F-425C-A8ED-F12BB51FE857}.Release|Any CPU.ActiveCfg = Release|Any CPU
		{98397F6C-AD7F-425C-A8ED-F12BB51FE857}.Release|Any CPU.Build.0 = Release|Any CPU
		{03655603-34F8-496F-A7FB-E1E72B1647F1}.Debug|Any CPU.ActiveCfg = Debug|Any CPU
		{03655603-34F8-496F-A7FB-E1E72B1647F1}.Debug|Any CPU.Build.0 = Debug|Any CPU
		{03655603-34F8-496F-A7FB-E1E72B1647F1}.Release|Any CPU.ActiveCfg = Release|Any CPU
		{03655603-34F8-496F-A7FB-E1E72B1647F1}.Release|Any CPU.Build.0 = Release|Any CPU
		{6E087E31-1CB3-4E90-ACE1-FFE947355DD6}.Debug|Any CPU.ActiveCfg = Debug|Any CPU
		{6E087E31-1CB3-4E90-ACE1-FFE947355DD6}.Debug|Any CPU.Build.0 = Debug|Any CPU
		{6E087E31-1CB3-4E90-ACE1-FFE947355DD6}.Release|Any CPU.ActiveCfg = Release|Any CPU
		{6E087E31-1CB3-4E90-ACE1-FFE947355DD6}.Release|Any CPU.Build.0 = Release|Any CPU
	EndGlobalSection
	GlobalSection(SolutionProperties) = preSolution
		HideSolutionNode = FALSE
	EndGlobalSection
	GlobalSection(NestedProjects) = preSolution
		{6B6CC630-9DD2-447E-9701-B0482F9A2744} = {5537B15D-78B0-46E7-AD6A-0977D2B4FE13}
		{4587CB8C-D20E-4ABE-BF7A-DC3A1269637B} = {5537B15D-78B0-46E7-AD6A-0977D2B4FE13}
		{70610B4C-D472-498E-A4D4-4BA575F29318} = {5537B15D-78B0-46E7-AD6A-0977D2B4FE13}
		{D92D0B30-B44C-4C1A-AAAA-C8711BA5E936} = {5537B15D-78B0-46E7-AD6A-0977D2B4FE13}
		{2FCCD906-390E-40F1-A05F-2B40368D29F8} = {5537B15D-78B0-46E7-AD6A-0977D2B4FE13}
		{04378C0A-03E7-453B-B71A-F87DA17DBAF1} = {4F2DE6A6-17D4-4D3C-838D-74D51B1F8368}
		{F189F483-E5A1-41B3-B1B5-F961B42FB200} = {4F2DE6A6-17D4-4D3C-838D-74D51B1F8368}
		{EE96ABB4-7B1E-4D63-A9E7-3EDB7DC43A85} = {4F2DE6A6-17D4-4D3C-838D-74D51B1F8368}
		{032671AA-D7AD-4B38-B03D-A06D2BBF7096} = {4F2DE6A6-17D4-4D3C-838D-74D51B1F8368}
		{F1E5D58F-749B-4E89-8E79-D7FD51BF6011} = {4F2DE6A6-17D4-4D3C-838D-74D51B1F8368}
		{172FB4FA-EA74-4B05-8375-9B7BA8B44DDC} = {527C571D-7B41-41B6-ACEF-08624F8DBCB6}
		{4DAA6BF4-E039-4036-BA53-382AF7CDCDB6} = {527C571D-7B41-41B6-ACEF-08624F8DBCB6}
		{EF453F68-91F3-4B5F-BD5A-1ECC7FBDA84A} = {527C571D-7B41-41B6-ACEF-08624F8DBCB6}
		{0B3BC4CB-4A83-48B5-A9A3-32466E9FD270} = {527C571D-7B41-41B6-ACEF-08624F8DBCB6}
		{AA99B74B-BC30-4DF3-8B8F-DC909E4DDCCD} = {0AB31A97-F194-44D5-9127-C00931A9A897}
		{351E1B09-C4DE-4B09-B9C8-66F36B8F4D5C} = {0AB31A97-F194-44D5-9127-C00931A9A897}
		{98397F6C-AD7F-425C-A8ED-F12BB51FE857} = {0AB31A97-F194-44D5-9127-C00931A9A897}
		{03655603-34F8-496F-A7FB-E1E72B1647F1} = {0AB31A97-F194-44D5-9127-C00931A9A897}
		{6E087E31-1CB3-4E90-ACE1-FFE947355DD6} = {CED9524F-271A-4B2A-B366-A1EAA168246A}
	EndGlobalSection
	GlobalSection(ExtensibilityGlobals) = postSolution
		SolutionGuid = {AFE9F63A-8B94-47D0-94C3-BFFDC348F7CE}
	EndGlobalSection
EndGlobal
